
Microsoft Visual Studio Solution File, Format Version 12.00
# Visual Studio 15
VisualStudioVersion = 15.0.28010.2048
MinimumVisualStudioVersion = 10.0.40219.1
Project("{FAE04EC0-301F-11D3-BF4B-00C04F79EFBC}") = "Portal", "Portal\Portal.csproj", "{A6011DB3-B1DB-41CA-8354-07C6E82BD8F4}"
EndProject
Global
	GlobalSection(SolutionConfigurationPlatforms) = preSolution
		Debug|Any CPU = Debug|Any CPU
		Release|Any CPU = Release|Any CPU
	EndGlobalSection
	GlobalSection(ProjectConfigurationPlatforms) = postSolution
		{A6011DB3-B1DB-41CA-8354-07C6E82BD8F4}.Debug|Any CPU.ActiveCfg = Debug|Any CPU
		{A6011DB3-B1DB-41CA-8354-07C6E82BD8F4}.Debug|Any CPU.Build.0 = Debug|Any CPU
		{A6011DB3-B1DB-41CA-8354-07C6E82BD8F4}.Release|Any CPU.ActiveCfg = Release|Any CPU
		{A6011DB3-B1DB-41CA-8354-07C6E82BD8F4}.Release|Any CPU.Build.0 = Release|Any CPU
	EndGlobalSection
	GlobalSection(SolutionProperties) = preSolution
		HideSolutionNode = FALSE
	EndGlobalSection
	GlobalSection(ExtensibilityGlobals) = postSolution
		SolutionGuid = {B916F2CC-3DCC-49FA-AB67-C738E4E1AC0E}
	EndGlobalSection
EndGlobal
